// !$*UTF8*$!
{
	archiveVersion = 1;
	classes = {
	};
	objectVersion = 50;
	objects = {

/* Begin PBXBuildFile section */
		05F3572A217EE91A009354DF /* AppDelegate.swift in Sources */ = {isa = PBXBuildFile; fileRef = 05F35729217EE91A009354DF /* AppDelegate.swift */; };
		05F3572C217EE91A009354DF /* ViewController.swift in Sources */ = {isa = PBXBuildFile; fileRef = 05F3572B217EE91A009354DF /* ViewController.swift */; };
		05F3572F217EE91A009354DF /* Main.storyboard in Resources */ = {isa = PBXBuildFile; fileRef = 05F3572D217EE91A009354DF /* Main.storyboard */; };
		05F35731217EE91B009354DF /* Assets.xcassets in Resources */ = {isa = PBXBuildFile; fileRef = 05F35730217EE91B009354DF /* Assets.xcassets */; };
		05F35734217EE91B009354DF /* LaunchScreen.storyboard in Resources */ = {isa = PBXBuildFile; fileRef = 05F35732217EE91B009354DF /* LaunchScreen.storyboard */; };
		05F3573F217EE91B009354DF /* kTests.swift in Sources */ = {isa = PBXBuildFile; fileRef = 05F3573E217EE91B009354DF /* kTests.swift */; };
		05F3574A217EE91C009354DF /* kUITests.swift in Sources */ = {isa = PBXBuildFile; fileRef = 05F35749217EE91C009354DF /* kUITests.swift */; };
/* End PBXBuildFile section */

/* Begin PBXContainerItemProxy section */
		05F3573B217EE91B009354DF /* PBXContainerItemProxy */ = {
			isa = PBXContainerItemProxy;
			containerPortal = 05F3571E217EE91A009354DF /* Project object */;
			proxyType = 1;
			remoteGlobalIDString = 05F35725217EE91A009354DF;
			remoteInfo = k;
		};
		05F35746217EE91C009354DF /* PBXContainerItemProxy */ = {
			isa = PBXContainerItemProxy;
			containerPortal = 05F3571E217EE91A009354DF /* Project object */;
			proxyType = 1;
			remoteGlobalIDString = 05F35725217EE91A009354DF;
			remoteInfo = k;
		};
/* End PBXContainerItemProxy section */

/* Begin PBXFileReference section */
		05F35726217EE91A009354DF /* k.app */ = {isa = PBXFileReference; explicitFileType = wrapper.application; includeInIndex = 0; path = k.app; sourceTree = BUILT_PRODUCTS_DIR; };
		05F35729217EE91A009354DF /* AppDelegate.swift */ = {isa = PBXFileReference; lastKnownFileType = sourcecode.swift; path = AppDelegate.swift; sourceTree = "<group>"; };
		05F3572B217EE91A009354DF /* ViewController.swift */ = {isa = PBXFileReference; lastKnownFileType = sourcecode.swift; path = ViewController.swift; sourceTree = "<group>"; };
		05F3572E217EE91A009354DF /* Base */ = {isa = PBXFileReference; lastKnownFileType = file.storyboard; name = Base; path = Base.lproj/Main.storyboard; sourceTree = "<group>"; };
		05F35730217EE91B009354DF /* Assets.xcassets */ = {isa = PBXFileReference; lastKnownFileType = folder.assetcatalog; path = Assets.xcassets; sourceTree = "<group>"; };
		05F35733217EE91B009354DF /* Base */ = {isa = PBXFileReference; lastKnownFileType = file.storyboard; name = Base; path = Base.lproj/LaunchScreen.storyboard; sourceTree = "<group>"; };
		05F35735217EE91B009354DF /* Info.plist */ = {isa = PBXFileReference; lastKnownFileType = text.plist.xml; path = Info.plist; sourceTree = "<group>"; };
		05F3573A217EE91B009354DF /* kTests.xctest */ = {isa = PBXFileReference; explicitFileType = wrapper.cfbundle; includeInIndex = 0; path = kTests.xctest; sourceTree = BUILT_PRODUCTS_DIR; };
		05F3573E217EE91B009354DF /* kTests.swift */ = {isa = PBXFileReference; lastKnownFileType = sourcecode.swift; path = kTests.swift; sourceTree = "<group>"; };
		05F35740217EE91B009354DF /* Info.plist */ = {isa = PBXFileReference; lastKnownFileType = text.plist.xml; path = Info.plist; sourceTree = "<group>"; };
		05F35745217EE91C009354DF /* kUITests.xctest */ = {isa = PBXFileReference; explicitFileType = wrapper.cfbundle; includeInIndex = 0; path = kUITests.xctest; sourceTree = BUILT_PRODUCTS_DIR; };
		05F35749217EE91C009354DF /* kUITests.swift */ = {isa = PBXFileReference; lastKnownFileType = sourcecode.swift; path = kUITests.swift; sourceTree = "<group>"; };
		05F3574B217EE91C009354DF /* Info.plist */ = {isa = PBXFileReference; lastKnownFileType = text.plist.xml; path = Info.plist; sourceTree = "<group>"; };
/* End PBXFileReference section */

/* Begin PBXFrameworksBuildPhase section */
		05F35723217EE91A009354DF /* Frameworks */ = {
			isa = PBXFrameworksBuildPhase;
			buildActionMask = 2147483647;
			files = (
			);
			runOnlyForDeploymentPostprocessing = 0;
		};
		05F35737217EE91B009354DF /* Frameworks */ = {
			isa = PBXFrameworksBuildPhase;
			buildActionMask = 2147483647;
			files = (
			);
			runOnlyForDeploymentPostprocessing = 0;
		};
		05F35742217EE91C009354DF /* Frameworks */ = {
			isa = PBXFrameworksBuildPhase;
			buildActionMask = 2147483647;
			files = (
			);
			runOnlyForDeploymentPostprocessing = 0;
		};
/* End PBXFrameworksBuildPhase section */

/* Begin PBXGroup section */
		05F3571D217EE91A009354DF = {
			isa = PBXGroup;
			children = (
				05F35728217EE91A009354DF /* k */,
				05F3573D217EE91B009354DF /* kTests */,
				05F35748217EE91C009354DF /* kUITests */,
				05F35727217EE91A009354DF /* Products */,
			);
			sourceTree = "<group>";
		};
		05F35727217EE91A009354DF /* Products */ = {
			isa = PBXGroup;
			children = (
				05F35726217EE91A009354DF /* k.app */,
				05F3573A217EE91B009354DF /* kTests.xctest */,
				05F35745217EE91C009354DF /* kUITests.xctest */,
			);
			name = Products;
			sourceTree = "<group>";
		};
		05F35728217EE91A009354DF /* k */ = {
			isa = PBXGroup;
			children = (
				05F35729217EE91A009354DF /* AppDelegate.swift */,
				05F3572B217EE91A009354DF /* ViewController.swift */,
				05F3572D217EE91A009354DF /* Main.storyboard */,
				05F35730217EE91B009354DF /* Assets.xcassets */,
				05F35732217EE91B009354DF /* LaunchScreen.storyboard */,
				05F35735217EE91B009354DF /* Info.plist */,
			);
			path = k;
			sourceTree = "<group>";
		};
		05F3573D217EE91B009354DF /* kTests */ = {
			isa = PBXGroup;
			children = (
				05F3573E217EE91B009354DF /* kTests.swift */,
				05F35740217EE91B009354DF /* Info.plist */,
			);
			path = kTests;
			sourceTree = "<group>";
		};
		05F35748217EE91C009354DF /* kUITests */ = {
			isa = PBXGroup;
			children = (
				05F35749217EE91C009354DF /* kUITests.swift */,
				05F3574B217EE91C009354DF /* Info.plist */,
			);
			path = kUITests;
			sourceTree = "<group>";
		};
/* End PBXGroup section */

/* Begin PBXNativeTarget section */
		05F35725217EE91A009354DF /* k */ = {
			isa = PBXNativeTarget;
			buildConfigurationList = 05F3574E217EE91C009354DF /* Build configuration list for PBXNativeTarget "k" */;
			buildPhases = (
				05F35722217EE91A009354DF /* Sources */,
				05F35723217EE91A009354DF /* Frameworks */,
				05F35724217EE91A009354DF /* Resources */,
			);
			buildRules = (
			);
			dependencies = (
			);
			name = k;
			productName = k;
			productReference = 05F35726217EE91A009354DF /* k.app */;
			productType = "com.apple.product-type.application";
		};
		05F35739217EE91B009354DF /* kTests */ = {
			isa = PBXNativeTarget;
			buildConfigurationList = 05F35751217EE91C009354DF /* Build configuration list for PBXNativeTarget "kTests" */;
			buildPhases = (
				05F35736217EE91B009354DF /* Sources */,
				05F35737217EE91B009354DF /* Frameworks */,
				05F35738217EE91B009354DF /* Resources */,
			);
			buildRules = (
			);
			dependencies = (
				05F3573C217EE91B009354DF /* PBXTargetDependency */,
			);
			name = kTests;
			productName = kTests;
			productReference = 05F3573A217EE91B009354DF /* kTests.xctest */;
			productType = "com.apple.product-type.bundle.unit-test";
		};
		05F35744217EE91C009354DF /* kUITests */ = {
			isa = PBXNativeTarget;
			buildConfigurationList = 05F35754217EE91C009354DF /* Build configuration list for PBXNativeTarget "kUITests" */;
			buildPhases = (
				05F35741217EE91C009354DF /* Sources */,
				05F35742217EE91C009354DF /* Frameworks */,
				05F35743217EE91C009354DF /* Resources */,
			);
			buildRules = (
			);
			dependencies = (
				05F35747217EE91C009354DF /* PBXTargetDependency */,
			);
			name = kUITests;
			productName = kUITests;
			productReference = 05F35745217EE91C009354DF /* kUITests.xctest */;
			productType = "com.apple.product-type.bundle.ui-testing";
		};
/* End PBXNativeTarget section */

/* Begin PBXProject section */
		05F3571E217EE91A009354DF /* Project object */ = {
			isa = PBXProject;
			attributes = {
				LastSwiftUpdateCheck = 0940;
				LastUpgradeCheck = 0940;
				ORGANIZATIONNAME = junji;
				TargetAttributes = {
					05F35725217EE91A009354DF = {
						CreatedOnToolsVersion = 9.4;
					};
					05F35739217EE91B009354DF = {
						CreatedOnToolsVersion = 9.4;
						TestTargetID = 05F35725217EE91A009354DF;
					};
					05F35744217EE91C009354DF = {
						CreatedOnToolsVersion = 9.4;
						TestTargetID = 05F35725217EE91A009354DF;
					};
				};
			};
			buildConfigurationList = 05F35721217EE91A009354DF /* Build configuration list for PBXProject "k" */;
			compatibilityVersion = "Xcode 9.3";
			developmentRegion = en;
			hasScannedForEncodings = 0;
			knownRegions = (
				en,
				Base,
			);
			mainGroup = 05F3571D217EE91A009354DF;
			productRefGroup = 05F35727217EE91A009354DF /* Products */;
			projectDirPath = "";
			projectRoot = "";
			targets = (
				05F35725217EE91A009354DF /* k */,
				05F35739217EE91B009354DF /* kTests */,
				05F35744217EE91C009354DF /* kUITests */,
			);
		};
/* End PBXProject section */

/* Begin PBXResourcesBuildPhase section */
		05F35724217EE91A009354DF /* Resources */ = {
			isa = PBXResourcesBuildPhase;
			buildActionMask = 2147483647;
			files = (
				05F35734217EE91B009354DF /* LaunchScreen.storyboard in Resources */,
				05F35731217EE91B009354DF /* Assets.xcassets in Resources */,
				05F3572F217EE91A009354DF /* Main.storyboard in Resources */,
			);
			runOnlyForDeploymentPostprocessing = 0;
		};
		05F35738217EE91B009354DF /* Resources */ = {
			isa = PBXResourcesBuildPhase;
			buildActionMask = 2147483647;
			files = (
			);
			runOnlyForDeploymentPostprocessing = 0;
		};
		05F35743217EE91C009354DF /* Resources */ = {
			isa = PBXResourcesBuildPhase;
			buildActionMask = 2147483647;
			files = (
			);
			runOnlyForDeploymentPostprocessing = 0;
		};
/* End PBXResourcesBuildPhase section */

/* Begin PBXSourcesBuildPhase section */
		05F35722217EE91A009354DF /* Sources */ = {
			isa = PBXSourcesBuildPhase;
			buildActionMask = 2147483647;
			files = (
				05F3572C217EE91A009354DF /* ViewController.swift in Sources */,
				05F3572A217EE91A009354DF /* AppDelegate.swift in Sources */,
			);
			runOnlyForDeploymentPostprocessing = 0;
		};
		05F35736217EE91B009354DF /* Sources */ = {
			isa = PBXSourcesBuildPhase;
			buildActionMask = 2147483647;
			files = (
				05F3573F217EE91B009354DF /* kTests.swift in Sources */,
			);
			runOnlyForDeploymentPostprocessing = 0;
		};
		05F35741217EE91C009354DF /* Sources */ = {
			isa = PBXSourcesBuildPhase;
			buildActionMask = 2147483647;
			files = (
				05F3574A217EE91C009354DF /* kUITests.swift in Sources */,
			);
			runOnlyForDeploymentPostprocessing = 0;
		};
/* End PBXSourcesBuildPhase section */

/* Begin PBXTargetDependency section */
		05F3573C217EE91B009354DF /* PBXTargetDependency */ = {
			isa = PBXTargetDependency;
			target = 05F35725217EE91A009354DF /* k */;
			targetProxy = 05F3573B217EE91B009354DF /* PBXContainerItemProxy */;
		};
		05F35747217EE91C009354DF /* PBXTargetDependency */ = {
			isa = PBXTargetDependency;
			target = 05F35725217EE91A009354DF /* k */;
			targetProxy = 05F35746217EE91C009354DF /* PBXContainerItemProxy */;
		};
/* End PBXTargetDependency section */

/* Begin PBXVariantGroup section */
		05F3572D217EE91A009354DF /* Main.storyboard */ = {
			isa = PBXVariantGroup;
			children = (
				05F3572E217EE91A009354DF /* Base */,
			);
			name = Main.storyboard;
			sourceTree = "<group>";
		};
		05F35732217EE91B009354DF /* LaunchScreen.storyboard */ = {
			isa = PBXVariantGroup;
			children = (
				05F35733217EE91B009354DF /* Base */,
			);
			name = LaunchScreen.storyboard;
			sourceTree = "<group>";
		};
/* End PBXVariantGroup section */

/* Begin XCBuildConfiguration section */
		05F3574C217EE91C009354DF /* Debug */ = {
			isa = XCBuildConfiguration;
			buildSettings = {
				ALWAYS_SEARCH_USER_PATHS = NO;
				CLANG_ANALYZER_NONNULL = YES;
				CLANG_ANALYZER_NUMBER_OBJECT_CONVERSION = YES_AGGRESSIVE;
				CLANG_CXX_LANGUAGE_STANDARD = "gnu++14";
				CLANG_CXX_LIBRARY = "libc++";
				CLANG_ENABLE_MODULES = YES;
				CLANG_ENABLE_OBJC_ARC = YES;
				CLANG_ENABLE_OBJC_WEAK = YES;
				CLANG_WARN_BLOCK_CAPTURE_AUTORELEASING = YES;
				CLANG_WARN_BOOL_CONVERSION = YES;
				CLANG_WARN_COMMA = YES;
				CLANG_WARN_CONSTANT_CONVERSION = YES;
				CLANG_WARN_DEPRECATED_OBJC_IMPLEMENTATIONS = YES;
				CLANG_WARN_DIRECT_OBJC_ISA_USAGE = YES_ERROR;
				CLANG_WARN_DOCUMENTATION_COMMENTS = YES;
				CLANG_WARN_EMPTY_BODY = YES;
				CLANG_WARN_ENUM_CONVERSION = YES;
				CLANG_WARN_INFINITE_RECURSION = YES;
				CLANG_WARN_INT_CONVERSION = YES;
				CLANG_WARN_NON_LITERAL_NULL_CONVERSION = YES;
				CLANG_WARN_OBJC_IMPLICIT_RETAIN_SELF = YES;
				CLANG_WARN_OBJC_LITERAL_CONVERSION = YES;
				CLANG_WARN_OBJC_ROOT_CLASS = YES_ERROR;
				CLANG_WARN_RANGE_LOOP_ANALYSIS = YES;
				CLANG_WARN_STRICT_PROTOTYPES = YES;
				CLANG_WARN_SUSPICIOUS_MOVE = YES;
				CLANG_WARN_UNGUARDED_AVAILABILITY = YES_AGGRESSIVE;
				CLANG_WARN_UNREACHABLE_CODE = YES;
				CLANG_WARN__DUPLICATE_METHOD_MATCH = YES;
				CODE_SIGN_IDENTITY = "iPhone Developer";
				COPY_PHASE_STRIP = NO;
				DEBUG_INFORMATION_FORMAT = dwarf;
				ENABLE_STRICT_OBJC_MSGSEND = YES;
				ENABLE_TESTABILITY = YES;
				GCC_C_LANGUAGE_STANDARD = gnu11;
				GCC_DYNAMIC_NO_PIC = NO;
				GCC_NO_COMMON_BLOCKS = YES;
				GCC_OPTIMIZATION_LEVEL = 0;
				GCC_PREPROCESSOR_DEFINITIONS = (
					"DEBUG=1",
					"$(inherited)",
				);
				GCC_WARN_64_TO_32_BIT_CONVERSION = YES;
				GCC_WARN_ABOUT_RETURN_TYPE = YES_ERROR;
				GCC_WARN_UNDECLARED_SELECTOR = YES;
				GCC_WARN_UNINITIALIZED_AUTOS = YES_AGGRESSIVE;
				GCC_WARN_UNUSED_FUNCTION = YES;
				GCC_WARN_UNUSED_VARIABLE = YES;
				IPHONEOS_DEPLOYMENT_TARGET = 11.4;
				MTL_ENABLE_DEBUG_INFO = YES;
				ONLY_ACTIVE_ARCH = YES;
				SDKROOT = iphoneos;
				SWIFT_ACTIVE_COMPILATION_CONDITIONS = DEBUG;
				SWIFT_OPTIMIZATION_LEVEL = "-Onone";
			};
			name = Debug;
		};
		05F3574D217EE91C009354DF /* Release */ = {
			isa = XCBuildConfiguration;
			buildSettings = {
				ALWAYS_SEARCH_USER_PATHS = NO;
				CLANG_ANALYZER_NONNULL = YES;
				CLANG_ANALYZER_NUMBER_OBJECT_CONVERSION = YES_AGGRESSIVE;
				CLANG_CXX_LANGUAGE_STANDARD = "gnu++14";
				CLANG_CXX_LIBRARY = "libc++";
				CLANG_ENABLE_MODULES = YES;
				CLANG_ENABLE_OBJC_ARC = YES;
				CLANG_ENABLE_OBJC_WEAK = YES;
				CLANG_WARN_BLOCK_CAPTURE_AUTORELEASING = YES;
				CLANG_WARN_BOOL_CONVERSION = YES;
				CLANG_WARN_COMMA = YES;
				CLANG_WARN_CONSTANT_CONVERSION = YES;
				CLANG_WARN_DEPRECATED_OBJC_IMPLEMENTATIONS = YES;
				CLANG_WARN_DIRECT_OBJC_ISA_USAGE = YES_ERROR;
				CLANG_WARN_DOCUMENTATION_COMMENTS = YES;
				CLANG_WARN_EMPTY_BODY = YES;
				CLANG_WARN_ENUM_CONVERSION = YES;
				CLANG_WARN_INFINITE_RECURSION = YES;
				CLANG_WARN_INT_CONVERSION = YES;
				CLANG_WARN_NON_LITERAL_NULL_CONVERSION = YES;
				CLANG_WARN_OBJC_IMPLICIT_RETAIN_SELF = YES;
				CLANG_WARN_OBJC_LITERAL_CONVERSION = YES;
				CLANG_WARN_OBJC_ROOT_CLASS = YES_ERROR;
				CLANG_WARN_RANGE_LOOP_ANALYSIS = YES;
				CLANG_WARN_STRICT_PROTOTYPES = YES;
				CLANG_WARN_SUSPICIOUS_MOVE = YES;
				CLANG_WARN_UNGUARDED_AVAILABILITY = YES_AGGRESSIVE;
				CLANG_WARN_UNREACHABLE_CODE = YES;
				CLANG_WARN__DUPLICATE_METHOD_MATCH = YES;
				CODE_SIGN_IDENTITY = "iPhone Developer";
				COPY_PHASE_STRIP = NO;
				DEBUG_INFORMATION_FORMAT = "dwarf-with-dsym";
				ENABLE_NS_ASSERTIONS = NO;
				ENABLE_STRICT_OBJC_MSGSEND = YES;
				GCC_C_LANGUAGE_STANDARD = gnu11;
				GCC_NO_COMMON_BLOCKS = YES;
				GCC_WARN_64_TO_32_BIT_CONVERSION = YES;
				GCC_WARN_ABOUT_RETURN_TYPE = YES_ERROR;
				GCC_WARN_UNDECLARED_SELECTOR = YES;
				GCC_WARN_UNINITIALIZED_AUTOS = YES_AGGRESSIVE;
				GCC_WARN_UNUSED_FUNCTION = YES;
				GCC_WARN_UNUSED_VARIABLE = YES;
				IPHONEOS_DEPLOYMENT_TARGET = 11.4;
				MTL_ENABLE_DEBUG_INFO = NO;
				SDKROOT = iphoneos;
				SWIFT_COMPILATION_MODE = wholemodule;
				SWIFT_OPTIMIZATION_LEVEL = "-O";
				VALIDATE_PRODUCT = YES;
			};
			name = Release;
		};
		05F3574F217EE91C009354DF /* Debug */ = {
			isa = XCBuildConfiguration;
			buildSettings = {
				ASSETCATALOG_COMPILER_APPICON_NAME = AppIcon;
				CODE_SIGN_STYLE = Automatic;
				INFOPLIST_FILE = k/Info.plist;
				LD_RUNPATH_SEARCH_PATHS = (
					"$(inherited)",
					"@executable_path/Frameworks",
				);
				PRODUCT_BUNDLE_IDENTIFIER = "-2.k";
				PRODUCT_NAME = "$(TARGET_NAME)";
				SWIFT_VERSION = 4.0;
				TARGETED_DEVICE_FAMILY = "1,2";
			};
			name = Debug;
		};
		05F35750217EE91C009354DF /* Release */ = {
			isa = XCBuildConfiguration;
			buildSettings = {
				ASSETCATALOG_COMPILER_APPICON_NAME = AppIcon;
				CODE_SIGN_STYLE = Automatic;
				INFOPLIST_FILE = k/Info.plist;
				LD_RUNPATH_SEARCH_PATHS = (
					"$(inherited)",
					"@executable_path/Frameworks",
				);
				PRODUCT_BUNDLE_IDENTIFIER = "-2.k";
				PRODUCT_NAME = "$(TARGET_NAME)";
				SWIFT_VERSION = 4.0;
				TARGETED_DEVICE_FAMILY = "1,2";
			};
			name = Release;
		};
		05F35752217EE91C009354DF /* Debug */ = {
			isa = XCBuildConfiguration;
			buildSettings = {
				ALWAYS_EMBED_SWIFT_STANDARD_LIBRARIES = YES;
				BUNDLE_LOADER = "$(TEST_HOST)";
				CODE_SIGN_STYLE = Automatic;
				INFOPLIST_FILE = kTests/Info.plist;
				LD_RUNPATH_SEARCH_PATHS = (
					"$(inherited)",
					"@executable_path/Frameworks",
					"@loader_path/Frameworks",
				);
				PRODUCT_BUNDLE_IDENTIFIER = "-2.kTests";
				PRODUCT_NAME = "$(TARGET_NAME)";
				SWIFT_VERSION = 4.0;
				TARGETED_DEVICE_FAMILY = "1,2";
				TEST_HOST = "$(BUILT_PRODUCTS_DIR)/k.app/k";
			};
			name = Debug;
		};
		05F35753217EE91C009354DF /* Release */ = {
			isa = XCBuildConfiguration;
			buildSettings = {
				ALWAYS_EMBED_SWIFT_STANDARD_LIBRARIES = YES;
				BUNDLE_LOADER = "$(TEST_HOST)";
				CODE_SIGN_STYLE = Automatic;
				INFOPLIST_FILE = kTests/Info.plist;
				LD_RUNPATH_SEARCH_PATHS = (
					"$(inherited)",
					"@executable_path/Frameworks",
					"@loader_path/Frameworks",
				);
				PRODUCT_BUNDLE_IDENTIFIER = "-2.kTests";
				PRODUCT_NAME = "$(TARGET_NAME)";
				SWIFT_VERSION = 4.0;
				TARGETED_DEVICE_FAMILY = "1,2";
				TEST_HOST = "$(BUILT_PRODUCTS_DIR)/k.app/k";
			};
			name = Release;
		};
		05F35755217EE91C009354DF /* Debug */ = {
			isa = XCBuildConfiguration;
			buildSettings = {
				ALWAYS_EMBED_SWIFT_STANDARD_LIBRARIES = YES;
				CODE_SIGN_STYLE = Automatic;
				INFOPLIST_FILE = kUITests/Info.plist;
				LD_RUNPATH_SEARCH_PATHS = (
					"$(inherited)",
					"@executable_path/Frameworks",
					"@loader_path/Frameworks",
				);
				PRODUCT_BUNDLE_IDENTIFIER = "-2.kUITests";
				PRODUCT_NAME = "$(TARGET_NAME)";
				SWIFT_VERSION = 4.0;
				TARGETED_DEVICE_FAMILY = "1,2";
				TEST_TARGET_NAME = k;
			};
			name = Debug;
		};
		05F35756217EE91C009354DF /* Release */ = {
			isa = XCBuildConfiguration;
			buildSettings = {
				ALWAYS_EMBED_SWIFT_STANDARD_LIBRARIES = YES;
				CODE_SIGN_STYLE = Automatic;
				INFOPLIST_FILE = kUITests/Info.plist;
				LD_RUNPATH_SEARCH_PATHS = (
					"$(inherited)",
					"@executable_path/Frameworks",
					"@loader_path/Frameworks",
				);
				PRODUCT_BUNDLE_IDENTIFIER = "-2.kUITests";
				PRODUCT_NAME = "$(TARGET_NAME)";
				SWIFT_VERSION = 4.0;
				TARGETED_DEVICE_FAMILY = "1,2";
				TEST_TARGET_NAME = k;
			};
			name = Release;
		};
/* End XCBuildConfiguration section */

/* Begin XCConfigurationList section */
		05F35721217EE91A009354DF /* Build configuration list for PBXProject "k" */ = {
			isa = XCConfigurationList;
			buildConfigurations = (
				05F3574C217EE91C009354DF /* Debug */,
				05F3574D217EE91C009354DF /* Release */,
			);
			defaultConfigurationIsVisible = 0;
			defaultConfigurationName = Release;
		};
		05F3574E217EE91C009354DF /* Build configuration list for PBXNativeTarget "k" */ = {
			isa = XCConfigurationList;
			buildConfigurations = (
				05F3574F217EE91C009354DF /* Debug */,
				05F35750217EE91C009354DF /* Release */,
			);
			defaultConfigurationIsVisible = 0;
			defaultConfigurationName = Release;
		};
		05F35751217EE91C009354DF /* Build configuration list for PBXNativeTarget "kTests" */ = {
			isa = XCConfigurationList;
			buildConfigurations = (
				05F35752217EE91C009354DF /* Debug */,
				05F35753217EE91C009354DF /* Release */,
			);
			defaultConfigurationIsVisible = 0;
			defaultConfigurationName = Release;
		};
		05F35754217EE91C009354DF /* Build configuration list for PBXNativeTarget "kUITests" */ = {
			isa = XCConfigurationList;
			buildConfigurations = (
				05F35755217EE91C009354DF /* Debug */,
				05F35756217EE91C009354DF /* Release */,
			);
			defaultConfigurationIsVisible = 0;
			defaultConfigurationName = Release;
		};
/* End XCConfigurationList section */
	};
	rootObject = 05F3571E217EE91A009354DF /* Project object */;
}
